
Microsoft Visual Studio Solution File, Format Version 12.00
# Visual Studio Version 17
VisualStudioVersion = 17.9.34723.18
MinimumVisualStudioVersion = 10.0.40219.1
Project("{9A19103F-16F7-4668-BE54-9A1E7A4F7556}") = "Tech_Store", "Tech_Store.csproj", "{B344606A-BC21-4A16-BB8A-997C6B9C98C3}"
EndProject
Project("{2150E333-8FDC-42A3-9474-1A3956D46DE8}") = "tests", "tests", "{0AB3BF05-4346-4AA6-1389-037BE0695223}"
EndProject
Project("{FAE04EC0-301F-11D3-BF4B-00C04F79EFBC}") = "Tech_Store.UnitTests", "tests\Tech_Store.UnitTests\Tech_Store.UnitTests.csproj", "{661C2457-5F6B-47B1-A093-DFCF004151D7}"
EndProject
Project("{FAE04EC0-301F-11D3-BF4B-00C04F79EFBC}") = "Tech_Store.SecurityTests", "tests\Tech_Store.SecurityTests\Tech_Store.SecurityTests.csproj", "{EB98E1BC-26C4-4B94-9B67-A451B63EF0D0}"
EndProject
Global
	GlobalSection(SolutionConfigurationPlatforms) = preSolution
		Debug|Any CPU = Debug|Any CPU
		Debug|x64 = Debug|x64
		Debug|x86 = Debug|x86
		Release|Any CPU = Release|Any CPU
		Release|x64 = Release|x64
		Release|x86 = Release|x86
	EndGlobalSection
	GlobalSection(ProjectConfigurationPlatforms) = postSolution
		{B344606A-BC21-4A16-BB8A-997C6B9C98C3}.Debug|Any CPU.ActiveCfg = Debug|Any CPU
		{B344606A-BC21-4A16-BB8A-997C6B9C98C3}.Debug|Any CPU.Build.0 = Debug|Any CPU
		{B344606A-BC21-4A16-BB8A-997C6B9C98C3}.Debug|x64.ActiveCfg = Debug|Any CPU
		{B344606A-BC21-4A16-BB8A-997C6B9C98C3}.Debug|x64.Build.0 = Debug|Any CPU
		{B344606A-BC21-4A16-BB8A-997C6B9C98C3}.Debug|x86.ActiveCfg = Debug|Any CPU
		{B344606A-BC21-4A16-BB8A-997C6B9C98C3}.Debug|x86.Build.0 = Debug|Any CPU
		{B344606A-BC21-4A16-BB8A-997C6B9C98C3}.Release|Any CPU.ActiveCfg = Release|Any CPU
		{B344606A-BC21-4A16-BB8A-997C6B9C98C3}.Release|Any CPU.Build.0 = Release|Any CPU
		{B344606A-BC21-4A16-BB8A-997C6B9C98C3}.Release|x64.ActiveCfg = Release|Any CPU
		{B344606A-BC21-4A16-BB8A-997C6B9C98C3}.Release|x64.Build.0 = Release|Any CPU
		{B344606A-BC21-4A16-BB8A-997C6B9C98C3}.Release|x86.ActiveCfg = Release|Any CPU
		{B344606A-BC21-4A16-BB8A-997C6B9C98C3}.Release|x86.Build.0 = Release|Any CPU
		{661C2457-5F6B-47B1-A093-DFCF004151D7}.Debug|Any CPU.ActiveCfg = Debug|Any CPU
		{661C2457-5F6B-47B1-A093-DFCF004151D7}.Debug|Any CPU.Build.0 = Debug|Any CPU
		{661C2457-5F6B-47B1-A093-DFCF004151D7}.Debug|x64.ActiveCfg = Debug|Any CPU
		{661C2457-5F6B-47B1-A093-DFCF004151D7}.Debug|x64.Build.0 = Debug|Any CPU
		{661C2457-5F6B-47B1-A093-DFCF004151D7}.Debug|x86.ActiveCfg = Debug|Any CPU
		{661C2457-5F6B-47B1-A093-DFCF004151D7}.Debug|x86.Build.0 = Debug|Any CPU
		{661C2457-5F6B-47B1-A093-DFCF004151D7}.Release|Any CPU.ActiveCfg = Release|Any CPU
		{661C2457-5F6B-47B1-A093-DFCF004151D7}.Release|Any CPU.Build.0 = Release|Any CPU
		{661C2457-5F6B-47B1-A093-DFCF004151D7}.Release|x64.ActiveCfg = Release|Any CPU
		{661C2457-5F6B-47B1-A093-DFCF004151D7}.Release|x64.Build.0 = Release|Any CPU
		{661C2457-5F6B-47B1-A093-DFCF004151D7}.Release|x86.ActiveCfg = Release|Any CPU
		{661C2457-5F6B-47B1-A093-DFCF004151D7}.Release|x86.Build.0 = Release|Any CPU
		{EB98E1BC-26C4-4B94-9B67-A451B63EF0D0}.Debug|Any CPU.ActiveCfg = Debug|Any CPU
		{EB98E1BC-26C4-4B94-9B67-A451B63EF0D0}.Debug|Any CPU.Build.0 = Debug|Any CPU
		{EB98E1BC-26C4-4B94-9B67-A451B63EF0D0}.Debug|x64.ActiveCfg = Debug|Any CPU
		{EB98E1BC-26C4-4B94-9B67-A451B63EF0D0}.Debug|x64.Build.0 = Debug|Any CPU
		{EB98E1BC-26C4-4B94-9B67-A451B63EF0D0}.Debug|x86.ActiveCfg = Debug|Any CPU
		{EB98E1BC-26C4-4B94-9B67-A451B63EF0D0}.Debug|x86.Build.0 = Debug|Any CPU
		{EB98E1BC-26C4-4B94-9B67-A451B63EF0D0}.Release|Any CPU.ActiveCfg = Release|Any CPU
		{EB98E1BC-26C4-4B94-9B67-A451B63EF0D0}.Release|Any CPU.Build.0 = Release|Any CPU
		{EB98E1BC-26C4-4B94-9B67-A451B63EF0D0}.Release|x64.ActiveCfg = Release|Any CPU
		{EB98E1BC-26C4-4B94-9B67-A451B63EF0D0}.Release|x64.Build.0 = Release|Any CPU
		{EB98E1BC-26C4-4B94-9B67-A451B63EF0D0}.Release|x86.ActiveCfg = Release|Any CPU
		{EB98E1BC-26C4-4B94-9B67-A451B63EF0D0}.Release|x86.Build.0 = Release|Any CPU
	EndGlobalSection
	GlobalSection(SolutionProperties) = preSolution
		HideSolutionNode = FALSE
	EndGlobalSection
	GlobalSection(NestedProjects) = preSolution
		{661C2457-5F6B-47B1-A093-DFCF004151D7} = {0AB3BF05-4346-4AA6-1389-037BE0695223}
		{EB98E1BC-26C4-4B94-9B67-A451B63EF0D0} = {0AB3BF05-4346-4AA6-1389-037BE0695223}
	EndGlobalSection
	GlobalSection(ExtensibilityGlobals) = postSolution
		SolutionGuid = {D218E23D-B342-443D-8A68-3F8BCD65CB7B}
	EndGlobalSection
EndGlobal
